
Microsoft Visual Studio Solution File, Format Version 12.00
# Visual Studio Version 17
VisualStudioVersion = 17.14.36408.4 d17.14
MinimumVisualStudioVersion = 10.0.40219.1
Project("{FAE04EC0-301F-11D3-BF4B-00C04F79EFBC}") = "ContactUsApp", "ContactUsApp\ContactUsApp.csproj", "{0EF7EE69-7E41-4460-922B-2E6BA7CEDCBB}"
EndProject
Global
	GlobalSection(SolutionConfigurationPlatforms) = preSolution
		Debug|Any CPU = Debug|Any CPU
		Release|Any CPU = Release|Any CPU
	EndGlobalSection
	GlobalSection(ProjectConfigurationPlatforms) = postSolution
		{0EF7EE69-7E41-4460-922B-2E6BA7CEDCBB}.Debug|Any CPU.ActiveCfg = Debug|Any CPU
		{0EF7EE69-7E41-4460-922B-2E6BA7CEDCBB}.Debug|Any CPU.Build.0 = Debug|Any CPU
		{0EF7EE69-7E41-4460-922B-2E6BA7CEDCBB}.Release|Any CPU.ActiveCfg = Release|Any CPU
		{0EF7EE69-7E41-4460-922B-2E6BA7CEDCBB}.Release|Any CPU.Build.0 = Release|Any CPU
	EndGlobalSection
	GlobalSection(SolutionProperties) = preSolution
		HideSolutionNode = FALSE
	EndGlobalSection
	GlobalSection(ExtensibilityGlobals) = postSolution
		SolutionGuid = {116D8DE2-99CF-4CAE-99FF-0B0916F3B2BD}
	EndGlobalSection
EndGlobal
